
Microsoft Visual Studio Solution File, Format Version 12.00
# Visual Studio Version 16
VisualStudioVersion = 16.0.29424.173
MinimumVisualStudioVersion = 10.0.40219.1
Project("{FAE04EC0-301F-11D3-BF4B-00C04F79EFBC}") = "ConsoleApp4", "ConsoleApp4\ConsoleApp4.csproj", "{C02F556E-70C7-4A94-A4D1-055F11399032}"
EndProject
Global
	GlobalSection(SolutionConfigurationPlatforms) = preSolution
		Debug|Any CPU = Debug|Any CPU
		Release|Any CPU = Release|Any CPU
	EndGlobalSection
	GlobalSection(ProjectConfigurationPlatforms) = postSolution
		{C02F556E-70C7-4A94-A4D1-055F11399032}.Debug|Any CPU.ActiveCfg = Debug|Any CPU
		{C02F556E-70C7-4A94-A4D1-055F11399032}.Debug|Any CPU.Build.0 = Debug|Any CPU
		{C02F556E-70C7-4A94-A4D1-055F11399032}.Release|Any CPU.ActiveCfg = Release|Any CPU
		{C02F556E-70C7-4A94-A4D1-055F11399032}.Release|Any CPU.Build.0 = Release|Any CPU
	EndGlobalSection
	GlobalSection(SolutionProperties) = preSolution
		HideSolutionNode = FALSE
	EndGlobalSection
	GlobalSection(ExtensibilityGlobals) = postSolution
		SolutionGuid = {871AAD56-D1F5-4632-8E16-E459C25DD058}
	EndGlobalSection
EndGlobal
